
Microsoft Visual Studio Solution File, Format Version 12.00
# Visual Studio 15
Project("{FAE04EC0-301F-11D3-BF4B-00C04F79EFBC}") = "Leetcode", "Leetcode\Leetcode.csproj", "{A2F91633-D976-44D9-815A-3F94CDFCFAF9}"
EndProject
Global
	GlobalSection(SolutionConfigurationPlatforms) = preSolution
		Debug|Any CPU = Debug|Any CPU
		Release|Any CPU = Release|Any CPU
	EndGlobalSection
	GlobalSection(ProjectConfigurationPlatforms) = postSolution
		{A2F91633-D976-44D9-815A-3F94CDFCFAF9}.Debug|Any CPU.ActiveCfg = Debug|Any CPU
		{A2F91633-D976-44D9-815A-3F94CDFCFAF9}.Debug|Any CPU.Build.0 = Debug|Any CPU
		{A2F91633-D976-44D9-815A-3F94CDFCFAF9}.Release|Any CPU.ActiveCfg = Release|Any CPU
		{A2F91633-D976-44D9-815A-3F94CDFCFAF9}.Release|Any CPU.Build.0 = Release|Any CPU
	EndGlobalSection
EndGlobal
